// !$*UTF8*$!
{
	archiveVersion = 1;
	classes = {
	};
	objectVersion = 46;
	objects = {

/* Begin PBXBuildFile section */
		4ED8C8CD193D579100D95143 /* AppDelegate.swift in Sources */ = {isa = PBXBuildFile; fileRef = 4ED8C8CC193D579100D95143 /* AppDelegate.swift */; };
		4ED8C8CF193D579100D95143 /* ViewController.swift in Sources */ = {isa = PBXBuildFile; fileRef = 4ED8C8CE193D579100D95143 /* ViewController.swift */; };
		4ED8C8D2193D579100D95143 /* Main.storyboard in Resources */ = {isa = PBXBuildFile; fileRef = 4ED8C8D0193D579100D95143 /* Main.storyboard */; };
		4ED8C8D4193D579100D95143 /* Images.xcassets in Resources */ = {isa = PBXBuildFile; fileRef = 4ED8C8D3193D579100D95143 /* Images.xcassets */; };
		4ED8C8E0193D579100D95143 /* Swift2Tests.swift in Sources */ = {isa = PBXBuildFile; fileRef = 4ED8C8DF193D579100D95143 /* Swift2Tests.swift */; };
/* End PBXBuildFile section */

/* Begin PBXContainerItemProxy section */
		4ED8C8DA193D579100D95143 /* PBXContainerItemProxy */ = {
			isa = PBXContainerItemProxy;
			containerPortal = 4ED8C8BF193D579100D95143 /* Project object */;
			proxyType = 1;
			remoteGlobalIDString = 4ED8C8C6193D579100D95143;
			remoteInfo = Swift2;
		};
/* End PBXContainerItemProxy section */

/* Begin PBXFileReference section */
		4ED8C8C7193D579100D95143 /* Swift2.app */ = {isa = PBXFileReference; explicitFileType = wrapper.application; includeInIndex = 0; path = Swift2.app; sourceTree = BUILT_PRODUCTS_DIR; };
		4ED8C8CB193D579100D95143 /* Info.plist */ = {isa = PBXFileReference; lastKnownFileType = text.plist.xml; path = Info.plist; sourceTree = "<group>"; };
		4ED8C8CC193D579100D95143 /* AppDelegate.swift */ = {isa = PBXFileReference; lastKnownFileType = sourcecode.swift; path = AppDelegate.swift; sourceTree = "<group>"; };
		4ED8C8CE193D579100D95143 /* ViewController.swift */ = {isa = PBXFileReference; lastKnownFileType = sourcecode.swift; path = ViewController.swift; sourceTree = "<group>"; };
		4ED8C8D1193D579100D95143 /* Base */ = {isa = PBXFileReference; lastKnownFileType = file.storyboard; name = Base; path = Base.lproj/Main.storyboard; sourceTree = "<group>"; };
		4ED8C8D3193D579100D95143 /* Images.xcassets */ = {isa = PBXFileReference; lastKnownFileType = folder.assetcatalog; path = Images.xcassets; sourceTree = "<group>"; };
		4ED8C8D9193D579100D95143 /* Swift2Tests.xctest */ = {isa = PBXFileReference; explicitFileType = wrapper.cfbundle; includeInIndex = 0; path = Swift2Tests.xctest; sourceTree = BUILT_PRODUCTS_DIR; };
		4ED8C8DE193D579100D95143 /* Info.plist */ = {isa = PBXFileReference; lastKnownFileType = text.plist.xml; path = Info.plist; sourceTree = "<group>"; };
		4ED8C8DF193D579100D95143 /* Swift2Tests.swift */ = {isa = PBXFileReference; lastKnownFileType = sourcecode.swift; path = Swift2Tests.swift; sourceTree = "<group>"; };
/* End PBXFileReference section */

/* Begin PBXFrameworksBuildPhase section */
		4ED8C8C4193D579100D95143 /* Frameworks */ = {
			isa = PBXFrameworksBuildPhase;
			buildActionMask = 2147483647;
			files = (
			);
			runOnlyForDeploymentPostprocessing = 0;
		};
		4ED8C8D6193D579100D95143 /* Frameworks */ = {
			isa = PBXFrameworksBuildPhase;
			buildActionMask = 2147483647;
			files = (
			);
			runOnlyForDeploymentPostprocessing = 0;
		};
/* End PBXFrameworksBuildPhase section */

/* Begin PBXGroup section */
		4ED8C8BE193D579100D95143 = {
			isa = PBXGroup;
			children = (
				4ED8C8C9193D579100D95143 /* Swift2 */,
				4ED8C8DC193D579100D95143 /* Swift2Tests */,
				4ED8C8C8193D579100D95143 /* Products */,
			);
			sourceTree = "<group>";
		};
		4ED8C8C8193D579100D95143 /* Products */ = {
			isa = PBXGroup;
			children = (
				4ED8C8C7193D579100D95143 /* Swift2.app */,
				4ED8C8D9193D579100D95143 /* Swift2Tests.xctest */,
			);
			name = Products;
			sourceTree = "<group>";
		};
		4ED8C8C9193D579100D95143 /* Swift2 */ = {
			isa = PBXGroup;
			children = (
				4ED8C8CC193D579100D95143 /* AppDelegate.swift */,
				4ED8C8CE193D579100D95143 /* ViewController.swift */,
				4ED8C8D0193D579100D95143 /* Main.storyboard */,
				4ED8C8D3193D579100D95143 /* Images.xcassets */,
				4ED8C8CA193D579100D95143 /* Supporting Files */,
			);
			path = Swift2;
			sourceTree = "<group>";
		};
		4ED8C8CA193D579100D95143 /* Supporting Files */ = {
			isa = PBXGroup;
			children = (
				4ED8C8CB193D579100D95143 /* Info.plist */,
			);
			name = "Supporting Files";
			sourceTree = "<group>";
		};
		4ED8C8DC193D579100D95143 /* Swift2Tests */ = {
			isa = PBXGroup;
			children = (
				4ED8C8DF193D579100D95143 /* Swift2Tests.swift */,
				4ED8C8DD193D579100D95143 /* Supporting Files */,
			);
			path = Swift2Tests;
			sourceTree = "<group>";
		};
		4ED8C8DD193D579100D95143 /* Supporting Files */ = {
			isa = PBXGroup;
			children = (
				4ED8C8DE193D579100D95143 /* Info.plist */,
			);
			name = "Supporting Files";
			sourceTree = "<group>";
		};
/* End PBXGroup section */

/* Begin PBXNativeTarget section */
		4ED8C8C6193D579100D95143 /* Swift2 */ = {
			isa = PBXNativeTarget;
			buildConfigurationList = 4ED8C8E3193D579100D95143 /* Build configuration list for PBXNativeTarget "Swift2" */;
			buildPhases = (
				4ED8C8C3193D579100D95143 /* Sources */,
				4ED8C8C4193D579100D95143 /* Frameworks */,
				4ED8C8C5193D579100D95143 /* Resources */,
			);
			buildRules = (
			);
			dependencies = (
			);
			name = Swift2;
			productName = Swift2;
			productReference = 4ED8C8C7193D579100D95143 /* Swift2.app */;
			productType = "com.apple.product-type.application";
		};
		4ED8C8D8193D579100D95143 /* Swift2Tests */ = {
			isa = PBXNativeTarget;
			buildConfigurationList = 4ED8C8E6193D579100D95143 /* Build configuration list for PBXNativeTarget "Swift2Tests" */;
			buildPhases = (
				4ED8C8D5193D579100D95143 /* Sources */,
				4ED8C8D6193D579100D95143 /* Frameworks */,
				4ED8C8D7193D579100D95143 /* Resources */,
			);
			buildRules = (
			);
			dependencies = (
				4ED8C8DB193D579100D95143 /* PBXTargetDependency */,
			);
			name = Swift2Tests;
			productName = Swift2Tests;
			productReference = 4ED8C8D9193D579100D95143 /* Swift2Tests.xctest */;
			productType = "com.apple.product-type.bundle.unit-test";
		};
/* End PBXNativeTarget section */

/* Begin PBXProject section */
		4ED8C8BF193D579100D95143 /* Project object */ = {
			isa = PBXProject;
			attributes = {
				LastUpgradeCheck = 0600;
				ORGANIZATIONNAME = "Keith Norman";
				TargetAttributes = {
					4ED8C8C6193D579100D95143 = {
						CreatedOnToolsVersion = 6.0;
					};
					4ED8C8D8193D579100D95143 = {
						CreatedOnToolsVersion = 6.0;
						TestTargetID = 4ED8C8C6193D579100D95143;
					};
				};
			};
			buildConfigurationList = 4ED8C8C2193D579100D95143 /* Build configuration list for PBXProject "Swift2" */;
			compatibilityVersion = "Xcode 3.2";
			developmentRegion = English;
			hasScannedForEncodings = 0;
			knownRegions = (
				en,
				Base,
			);
			mainGroup = 4ED8C8BE193D579100D95143;
			productRefGroup = 4ED8C8C8193D579100D95143 /* Products */;
			projectDirPath = "";
			projectRoot = "";
			targets = (
				4ED8C8C6193D579100D95143 /* Swift2 */,
				4ED8C8D8193D579100D95143 /* Swift2Tests */,
			);
		};
/* End PBXProject section */

/* Begin PBXResourcesBuildPhase section */
		4ED8C8C5193D579100D95143 /* Resources */ = {
			isa = PBXResourcesBuildPhase;
			buildActionMask = 2147483647;
			files = (
				4ED8C8D2193D579100D95143 /* Main.storyboard in Resources */,
				4ED8C8D4193D579100D95143 /* Images.xcassets in Resources */,
			);
			runOnlyForDeploymentPostprocessing = 0;
		};
		4ED8C8D7193D579100D95143 /* Resources */ = {
			isa = PBXResourcesBuildPhase;
			buildActionMask = 2147483647;
			files = (
			);
			runOnlyForDeploymentPostprocessing = 0;
		};
/* End PBXResourcesBuildPhase section */

/* Begin PBXSourcesBuildPhase section */
		4ED8C8C3193D579100D95143 /* Sources */ = {
			isa = PBXSourcesBuildPhase;
			buildActionMask = 2147483647;
			files = (
				4ED8C8CF193D579100D95143 /* ViewController.swift in Sources */,
				4ED8C8CD193D579100D95143 /* AppDelegate.swift in Sources */,
			);
			runOnlyForDeploymentPostprocessing = 0;
		};
		4ED8C8D5193D579100D95143 /* Sources */ = {
			isa = PBXSourcesBuildPhase;
			buildActionMask = 2147483647;
			files = (
				4ED8C8E0193D579100D95143 /* Swift2Tests.swift in Sources */,
			);
			runOnlyForDeploymentPostprocessing = 0;
		};
/* End PBXSourcesBuildPhase section */

/* Begin PBXTargetDependency section */
		4ED8C8DB193D579100D95143 /* PBXTargetDependency */ = {
			isa = PBXTargetDependency;
			target = 4ED8C8C6193D579100D95143 /* Swift2 */;
			targetProxy = 4ED8C8DA193D579100D95143 /* PBXContainerItemProxy */;
		};
/* End PBXTargetDependency section */

/* Begin PBXVariantGroup section */
		4ED8C8D0193D579100D95143 /* Main.storyboard */ = {
			isa = PBXVariantGroup;
			children = (
				4ED8C8D1193D579100D95143 /* Base */,
			);
			name = Main.storyboard;
			sourceTree = "<group>";
		};
/* End PBXVariantGroup section */

/* Begin XCBuildConfiguration section */
		4ED8C8E1193D579100D95143 /* Debug */ = {
			isa = XCBuildConfiguration;
			buildSettings = {
				ALWAYS_SEARCH_USER_PATHS = NO;
				CLANG_CXX_LANGUAGE_STANDARD = "gnu++0x";
				CLANG_CXX_LIBRARY = "libc++";
				CLANG_ENABLE_MODULES = YES;
				CLANG_ENABLE_OBJC_ARC = YES;
				CLANG_WARN_BOOL_CONVERSION = YES;
				CLANG_WARN_CONSTANT_CONVERSION = YES;
				CLANG_WARN_DIRECT_OBJC_ISA_USAGE = YES_ERROR;
				CLANG_WARN_EMPTY_BODY = YES;
				CLANG_WARN_ENUM_CONVERSION = YES;
				CLANG_WARN_INT_CONVERSION = YES;
				CLANG_WARN_OBJC_ROOT_CLASS = YES_ERROR;
				CLANG_WARN_UNREACHABLE_CODE = YES;
				CLANG_WARN__DUPLICATE_METHOD_MATCH = YES;
				"CODE_SIGN_IDENTITY[sdk=iphoneos*]" = "iPhone Developer";
				COPY_PHASE_STRIP = NO;
				ENABLE_STRICT_OBJC_MSGSEND = YES;
				GCC_C_LANGUAGE_STANDARD = gnu99;
				GCC_DYNAMIC_NO_PIC = NO;
				GCC_OPTIMIZATION_LEVEL = 0;
				GCC_PREPROCESSOR_DEFINITIONS = (
					"DEBUG=1",
					"$(inherited)",
				);
				GCC_SYMBOLS_PRIVATE_EXTERN = NO;
				GCC_WARN_64_TO_32_BIT_CONVERSION = YES;
				GCC_WARN_ABOUT_RETURN_TYPE = YES_ERROR;
				GCC_WARN_UNDECLARED_SELECTOR = YES;
				GCC_WARN_UNINITIALIZED_AUTOS = YES_AGGRESSIVE;
				GCC_WARN_UNUSED_FUNCTION = YES;
				GCC_WARN_UNUSED_VARIABLE = YES;
				IPHONEOS_DEPLOYMENT_TARGET = 8.0;
				METAL_ENABLE_DEBUG_INFO = YES;
				ONLY_ACTIVE_ARCH = YES;
				SDKROOT = iphoneos;
				SWIFT_OPTIMIZATION_LEVEL = "-Onone";
				TARGETED_DEVICE_FAMILY = "1,2";
			};
			name = Debug;
		};
		4ED8C8E2193D579100D95143 /* Release */ = {
			isa = XCBuildConfiguration;
			buildSettings = {
				ALWAYS_SEARCH_USER_PATHS = NO;
				CLANG_CXX_LANGUAGE_STANDARD = "gnu++0x";
				CLANG_CXX_LIBRARY = "libc++";
				CLANG_ENABLE_MODULES = YES;
				CLANG_ENABLE_OBJC_ARC = YES;
				CLANG_WARN_BOOL_CONVERSION = YES;
				CLANG_WARN_CONSTANT_CONVERSION = YES;
				CLANG_WARN_DIRECT_OBJC_ISA_USAGE = YES_ERROR;
				CLANG_WARN_EMPTY_BODY = YES;
				CLANG_WARN_ENUM_CONVERSION = YES;
				CLANG_WARN_INT_CONVERSION = YES;
				CLANG_WARN_OBJC_ROOT_CLASS = YES_ERROR;
				CLANG_WARN_UNREACHABLE_CODE = YES;
				CLANG_WARN__DUPLICATE_METHOD_MATCH = YES;
				"CODE_SIGN_IDENTITY[sdk=iphoneos*]" = "iPhone Developer";
				COPY_PHASE_STRIP = YES;
				ENABLE_NS_ASSERTIONS = NO;
				ENABLE_STRICT_OBJC_MSGSEND = YES;
				GCC_C_LANGUAGE_STANDARD = gnu99;
				GCC_WARN_64_TO_32_BIT_CONVERSION = YES;
				GCC_WARN_ABOUT_RETURN_TYPE = YES_ERROR;
				GCC_WARN_UNDECLARED_SELECTOR = YES;
				GCC_WARN_UNINITIALIZED_AUTOS = YES_AGGRESSIVE;
				GCC_WARN_UNUSED_FUNCTION = YES;
				GCC_WARN_UNUSED_VARIABLE = YES;
				IPHONEOS_DEPLOYMENT_TARGET = 8.0;
				METAL_ENABLE_DEBUG_INFO = NO;
				SDKROOT = iphoneos;
				TARGETED_DEVICE_FAMILY = "1,2";
				VALIDATE_PRODUCT = YES;
			};
			name = Release;
		};
		4ED8C8E4193D579100D95143 /* Debug */ = {
			isa = XCBuildConfiguration;
			buildSettings = {
				ASSETCATALOG_COMPILER_APPICON_NAME = AppIcon;
				ASSETCATALOG_COMPILER_LAUNCHIMAGE_NAME = LaunchImage;
				INFOPLIST_FILE = Swift2/Info.plist;
				LD_RUNPATH_SEARCH_PATHS = "$(inherited) @executable_path/Frameworks";
				PRODUCT_NAME = "$(TARGET_NAME)";
			};
			name = Debug;
		};
		4ED8C8E5193D579100D95143 /* Release */ = {
			isa = XCBuildConfiguration;
			buildSettings = {
				ASSETCATALOG_COMPILER_APPICON_NAME = AppIcon;
				ASSETCATALOG_COMPILER_LAUNCHIMAGE_NAME = LaunchImage;
				INFOPLIST_FILE = Swift2/Info.plist;
				LD_RUNPATH_SEARCH_PATHS = "$(inherited) @executable_path/Frameworks";
				PRODUCT_NAME = "$(TARGET_NAME)";
			};
			name = Release;
		};
		4ED8C8E7193D579100D95143 /* Debug */ = {
			isa = XCBuildConfiguration;
			buildSettings = {
				BUNDLE_LOADER = "$(BUILT_PRODUCTS_DIR)/Swift2.app/Swift2";
				FRAMEWORK_SEARCH_PATHS = (
					"$(SDKROOT)/Developer/Library/Frameworks",
					"$(inherited)",
				);
				GCC_PREPROCESSOR_DEFINITIONS = (
					"DEBUG=1",
					"$(inherited)",
				);
				INFOPLIST_FILE = Swift2Tests/Info.plist;
				LD_RUNPATH_SEARCH_PATHS = "$(inherited) @executable_path/Frameworks @loader_path/Frameworks";
				METAL_ENABLE_DEBUG_INFO = YES;
				PRODUCT_NAME = "$(TARGET_NAME)";
				TEST_HOST = "$(BUNDLE_LOADER)";
			};
			name = Debug;
		};
		4ED8C8E8193D579100D95143 /* Release */ = {
			isa = XCBuildConfiguration;
			buildSettings = {
				BUNDLE_LOADER = "$(BUILT_PRODUCTS_DIR)/Swift2.app/Swift2";
				FRAMEWORK_SEARCH_PATHS = (
					"$(SDKROOT)/Developer/Library/Frameworks",
					"$(inherited)",
				);
				INFOPLIST_FILE = Swift2Tests/Info.plist;
				LD_RUNPATH_SEARCH_PATHS = "$(inherited) @executable_path/Frameworks @loader_path/Frameworks";
				METAL_ENABLE_DEBUG_INFO = NO;
				PRODUCT_NAME = "$(TARGET_NAME)";
				TEST_HOST = "$(BUNDLE_LOADER)";
			};
			name = Release;
		};
/* End XCBuildConfiguration section */

/* Begin XCConfigurationList section */
		4ED8C8C2193D579100D95143 /* Build configuration list for PBXProject "Swift2" */ = {
			isa = XCConfigurationList;
			buildConfigurations = (
				4ED8C8E1193D579100D95143 /* Debug */,
				4ED8C8E2193D579100D95143 /* Release */,
			);
			defaultConfigurationIsVisible = 0;
			defaultConfigurationName = Release;
		};
		4ED8C8E3193D579100D95143 /* Build configuration list for PBXNativeTarget "Swift2" */ = {
			isa = XCConfigurationList;
			buildConfigurations = (
				4ED8C8E4193D579100D95143 /* Debug */,
				4ED8C8E5193D579100D95143 /* Release */,
			);
			defaultConfigurationIsVisible = 0;
		};
		4ED8C8E6193D579100D95143 /* Build configuration list for PBXNativeTarget "Swift2Tests" */ = {
			isa = XCConfigurationList;
			buildConfigurations = (
				4ED8C8E7193D579100D95143 /* Debug */,
				4ED8C8E8193D579100D95143 /* Release */,
			);
			defaultConfigurationIsVisible = 0;
		};
/* End XCConfigurationList section */
	};
	rootObject = 4ED8C8BF193D579100D95143 /* Project object */;
}
